// !$*UTF8*$!
{
	archiveVersion = 1;
	classes = {
	};
	objectVersion = 55;
	objects = {

/* Begin PBXBuildFile section */
		5178628B283F214000EBC5B8 /* AppDelegate.swift in Sources */ = {isa = PBXBuildFile; fileRef = 5178628A283F214000EBC5B8 /* AppDelegate.swift */; };
		5178628D283F214000EBC5B8 /* SceneDelegate.swift in Sources */ = {isa = PBXBuildFile; fileRef = 5178628C283F214000EBC5B8 /* SceneDelegate.swift */; };
		5178628F283F214000EBC5B8 /* ViewController.swift in Sources */ = {isa = PBXBuildFile; fileRef = 5178628E283F214000EBC5B8 /* ViewController.swift */; };
		51786292283F214000EBC5B8 /* Main.storyboard in Resources */ = {isa = PBXBuildFile; fileRef = 51786290283F214000EBC5B8 /* Main.storyboard */; };
		51786294283F214200EBC5B8 /* Assets.xcassets in Resources */ = {isa = PBXBuildFile; fileRef = 51786293283F214200EBC5B8 /* Assets.xcassets */; };
		51786297283F214200EBC5B8 /* LaunchScreen.storyboard in Resources */ = {isa = PBXBuildFile; fileRef = 51786295283F214200EBC5B8 /* LaunchScreen.storyboard */; };
		517862A2283F214200EBC5B8 /* blTests.swift in Sources */ = {isa = PBXBuildFile; fileRef = 517862A1283F214200EBC5B8 /* blTests.swift */; };
		517862AC283F214200EBC5B8 /* blUITests.swift in Sources */ = {isa = PBXBuildFile; fileRef = 517862AB283F214200EBC5B8 /* blUITests.swift */; };
		517862AE283F214200EBC5B8 /* blUITestsLaunchTests.swift in Sources */ = {isa = PBXBuildFile; fileRef = 517862AD283F214200EBC5B8 /* blUITestsLaunchTests.swift */; };
/* End PBXBuildFile section */

/* Begin PBXContainerItemProxy section */
		5178629E283F214200EBC5B8 /* PBXContainerItemProxy */ = {
			isa = PBXContainerItemProxy;
			containerPortal = 5178627F283F214000EBC5B8 /* Project object */;
			proxyType = 1;
			remoteGlobalIDString = 51786286283F214000EBC5B8;
			remoteInfo = bl;
		};
		517862A8283F214200EBC5B8 /* PBXContainerItemProxy */ = {
			isa = PBXContainerItemProxy;
			containerPortal = 5178627F283F214000EBC5B8 /* Project object */;
			proxyType = 1;
			remoteGlobalIDString = 51786286283F214000EBC5B8;
			remoteInfo = bl;
		};
/* End PBXContainerItemProxy section */

/* Begin PBXFileReference section */
		51786287283F214000EBC5B8 /* bl.app */ = {isa = PBXFileReference; explicitFileType = wrapper.application; includeInIndex = 0; path = bl.app; sourceTree = BUILT_PRODUCTS_DIR; };
		5178628A283F214000EBC5B8 /* AppDelegate.swift */ = {isa = PBXFileReference; lastKnownFileType = sourcecode.swift; path = AppDelegate.swift; sourceTree = "<group>"; };
		5178628C283F214000EBC5B8 /* SceneDelegate.swift */ = {isa = PBXFileReference; lastKnownFileType = sourcecode.swift; path = SceneDelegate.swift; sourceTree = "<group>"; };
		5178628E283F214000EBC5B8 /* ViewController.swift */ = {isa = PBXFileReference; lastKnownFileType = sourcecode.swift; path = ViewController.swift; sourceTree = "<group>"; };
		51786291283F214000EBC5B8 /* Base */ = {isa = PBXFileReference; lastKnownFileType = file.storyboard; name = Base; path = Base.lproj/Main.storyboard; sourceTree = "<group>"; };
		51786293283F214200EBC5B8 /* Assets.xcassets */ = {isa = PBXFileReference; lastKnownFileType = folder.assetcatalog; path = Assets.xcassets; sourceTree = "<group>"; };
		51786296283F214200EBC5B8 /* Base */ = {isa = PBXFileReference; lastKnownFileType = file.storyboard; name = Base; path = Base.lproj/LaunchScreen.storyboard; sourceTree = "<group>"; };
		51786298283F214200EBC5B8 /* Info.plist */ = {isa = PBXFileReference; lastKnownFileType = text.plist.xml; path = Info.plist; sourceTree = "<group>"; };
		5178629D283F214200EBC5B8 /* blTests.xctest */ = {isa = PBXFileReference; explicitFileType = wrapper.cfbundle; includeInIndex = 0; path = blTests.xctest; sourceTree = BUILT_PRODUCTS_DIR; };
		517862A1283F214200EBC5B8 /* blTests.swift */ = {isa = PBXFileReference; lastKnownFileType = sourcecode.swift; path = blTests.swift; sourceTree = "<group>"; };
		517862A7283F214200EBC5B8 /* blUITests.xctest */ = {isa = PBXFileReference; explicitFileType = wrapper.cfbundle; includeInIndex = 0; path = blUITests.xctest; sourceTree = BUILT_PRODUCTS_DIR; };
		517862AB283F214200EBC5B8 /* blUITests.swift */ = {isa = PBXFileReference; lastKnownFileType = sourcecode.swift; path = blUITests.swift; sourceTree = "<group>"; };
		517862AD283F214200EBC5B8 /* blUITestsLaunchTests.swift */ = {isa = PBXFileReference; lastKnownFileType = sourcecode.swift; path = blUITestsLaunchTests.swift; sourceTree = "<group>"; };
/* End PBXFileReference section */

/* Begin PBXFrameworksBuildPhase section */
		51786284283F214000EBC5B8 /* Frameworks */ = {
			isa = PBXFrameworksBuildPhase;
			buildActionMask = 2147483647;
			files = (
			);
			runOnlyForDeploymentPostprocessing = 0;
		};
		5178629A283F214200EBC5B8 /* Frameworks */ = {
			isa = PBXFrameworksBuildPhase;
			buildActionMask = 2147483647;
			files = (
			);
			runOnlyForDeploymentPostprocessing = 0;
		};
		517862A4283F214200EBC5B8 /* Frameworks */ = {
			isa = PBXFrameworksBuildPhase;
			buildActionMask = 2147483647;
			files = (
			);
			runOnlyForDeploymentPostprocessing = 0;
		};
/* End PBXFrameworksBuildPhase section */

/* Begin PBXGroup section */
		5178627E283F214000EBC5B8 = {
			isa = PBXGroup;
			children = (
				51786289283F214000EBC5B8 /* bl */,
				517862A0283F214200EBC5B8 /* blTests */,
				517862AA283F214200EBC5B8 /* blUITests */,
				51786288283F214000EBC5B8 /* Products */,
			);
			sourceTree = "<group>";
		};
		51786288283F214000EBC5B8 /* Products */ = {
			isa = PBXGroup;
			children = (
				51786287283F214000EBC5B8 /* bl.app */,
				5178629D283F214200EBC5B8 /* blTests.xctest */,
				517862A7283F214200EBC5B8 /* blUITests.xctest */,
			);
			name = Products;
			sourceTree = "<group>";
		};
		51786289283F214000EBC5B8 /* bl */ = {
			isa = PBXGroup;
			children = (
				5178628A283F214000EBC5B8 /* AppDelegate.swift */,
				5178628C283F214000EBC5B8 /* SceneDelegate.swift */,
				5178628E283F214000EBC5B8 /* ViewController.swift */,
				51786290283F214000EBC5B8 /* Main.storyboard */,
				51786293283F214200EBC5B8 /* Assets.xcassets */,
				51786295283F214200EBC5B8 /* LaunchScreen.storyboard */,
				51786298283F214200EBC5B8 /* Info.plist */,
			);
			path = bl;
			sourceTree = "<group>";
		};
		517862A0283F214200EBC5B8 /* blTests */ = {
			isa = PBXGroup;
			children = (
				517862A1283F214200EBC5B8 /* blTests.swift */,
			);
			path = blTests;
			sourceTree = "<group>";
		};
		517862AA283F214200EBC5B8 /* blUITests */ = {
			isa = PBXGroup;
			children = (
				517862AB283F214200EBC5B8 /* blUITests.swift */,
				517862AD283F214200EBC5B8 /* blUITestsLaunchTests.swift */,
			);
			path = blUITests;
			sourceTree = "<group>";
		};
/* End PBXGroup section */

/* Begin PBXNativeTarget section */
		51786286283F214000EBC5B8 /* bl */ = {
			isa = PBXNativeTarget;
			buildConfigurationList = 517862B1283F214200EBC5B8 /* Build configuration list for PBXNativeTarget "bl" */;
			buildPhases = (
				51786283283F214000EBC5B8 /* Sources */,
				51786284283F214000EBC5B8 /* Frameworks */,
				51786285283F214000EBC5B8 /* Resources */,
			);
			buildRules = (
			);
			dependencies = (
			);
			name = bl;
			productName = bl;
			productReference = 51786287283F214000EBC5B8 /* bl.app */;
			productType = "com.apple.product-type.application";
		};
		5178629C283F214200EBC5B8 /* blTests */ = {
			isa = PBXNativeTarget;
			buildConfigurationList = 517862B4283F214200EBC5B8 /* Build configuration list for PBXNativeTarget "blTests" */;
			buildPhases = (
				51786299283F214200EBC5B8 /* Sources */,
				5178629A283F214200EBC5B8 /* Frameworks */,
				5178629B283F214200EBC5B8 /* Resources */,
			);
			buildRules = (
			);
			dependencies = (
				5178629F283F214200EBC5B8 /* PBXTargetDependency */,
			);
			name = blTests;
			productName = blTests;
			productReference = 5178629D283F214200EBC5B8 /* blTests.xctest */;
			productType = "com.apple.product-type.bundle.unit-test";
		};
		517862A6283F214200EBC5B8 /* blUITests */ = {
			isa = PBXNativeTarget;
			buildConfigurationList = 517862B7283F214200EBC5B8 /* Build configuration list for PBXNativeTarget "blUITests" */;
			buildPhases = (
				517862A3283F214200EBC5B8 /* Sources */,
				517862A4283F214200EBC5B8 /* Frameworks */,
				517862A5283F214200EBC5B8 /* Resources */,
			);
			buildRules = (
			);
			dependencies = (
				517862A9283F214200EBC5B8 /* PBXTargetDependency */,
			);
			name = blUITests;
			productName = blUITests;
			productReference = 517862A7283F214200EBC5B8 /* blUITests.xctest */;
			productType = "com.apple.product-type.bundle.ui-testing";
		};
/* End PBXNativeTarget section */

/* Begin PBXProject section */
		5178627F283F214000EBC5B8 /* Project object */ = {
			isa = PBXProject;
			attributes = {
				BuildIndependentTargetsInParallel = 1;
				LastSwiftUpdateCheck = 1340;
				LastUpgradeCheck = 1340;
				TargetAttributes = {
					51786286283F214000EBC5B8 = {
						CreatedOnToolsVersion = 13.4;
					};
					5178629C283F214200EBC5B8 = {
						CreatedOnToolsVersion = 13.4;
						TestTargetID = 51786286283F214000EBC5B8;
					};
					517862A6283F214200EBC5B8 = {
						CreatedOnToolsVersion = 13.4;
						TestTargetID = 51786286283F214000EBC5B8;
					};
				};
			};
			buildConfigurationList = 51786282283F214000EBC5B8 /* Build configuration list for PBXProject "bl" */;
			compatibilityVersion = "Xcode 13.0";
			developmentRegion = en;
			hasScannedForEncodings = 0;
			knownRegions = (
				en,
				Base,
			);
			mainGroup = 5178627E283F214000EBC5B8;
			productRefGroup = 51786288283F214000EBC5B8 /* Products */;
			projectDirPath = "";
			projectRoot = "";
			targets = (
				51786286283F214000EBC5B8 /* bl */,
				5178629C283F214200EBC5B8 /* blTests */,
				517862A6283F214200EBC5B8 /* blUITests */,
			);
		};
/* End PBXProject section */

/* Begin PBXResourcesBuildPhase section */
		51786285283F214000EBC5B8 /* Resources */ = {
			isa = PBXResourcesBuildPhase;
			buildActionMask = 2147483647;
			files = (
				51786297283F214200EBC5B8 /* LaunchScreen.storyboard in Resources */,
				51786294283F214200EBC5B8 /* Assets.xcassets in Resources */,
				51786292283F214000EBC5B8 /* Main.storyboard in Resources */,
			);
			runOnlyForDeploymentPostprocessing = 0;
		};
		5178629B283F214200EBC5B8 /* Resources */ = {
			isa = PBXResourcesBuildPhase;
			buildActionMask = 2147483647;
			files = (
			);
			runOnlyForDeploymentPostprocessing = 0;
		};
		517862A5283F214200EBC5B8 /* Resources */ = {
			isa = PBXResourcesBuildPhase;
			buildActionMask = 2147483647;
			files = (
			);
			runOnlyForDeploymentPostprocessing = 0;
		};
/* End PBXResourcesBuildPhase section */

/* Begin PBXSourcesBuildPhase section */
		51786283283F214000EBC5B8 /* Sources */ = {
			isa = PBXSourcesBuildPhase;
			buildActionMask = 2147483647;
			files = (
				5178628F283F214000EBC5B8 /* ViewController.swift in Sources */,
				5178628B283F214000EBC5B8 /* AppDelegate.swift in Sources */,
				5178628D283F214000EBC5B8 /* SceneDelegate.swift in Sources */,
			);
			runOnlyForDeploymentPostprocessing = 0;
		};
		51786299283F214200EBC5B8 /* Sources */ = {
			isa = PBXSourcesBuildPhase;
			buildActionMask = 2147483647;
			files = (
				517862A2283F214200EBC5B8 /* blTests.swift in Sources */,
			);
			runOnlyForDeploymentPostprocessing = 0;
		};
		517862A3283F214200EBC5B8 /* Sources */ = {
			isa = PBXSourcesBuildPhase;
			buildActionMask = 2147483647;
			files = (
				517862AE283F214200EBC5B8 /* blUITestsLaunchTests.swift in Sources */,
				517862AC283F214200EBC5B8 /* blUITests.swift in Sources */,
			);
			runOnlyForDeploymentPostprocessing = 0;
		};
/* End PBXSourcesBuildPhase section */

/* Begin PBXTargetDependency section */
		5178629F283F214200EBC5B8 /* PBXTargetDependency */ = {
			isa = PBXTargetDependency;
			target = 51786286283F214000EBC5B8 /* bl */;
			targetProxy = 5178629E283F214200EBC5B8 /* PBXContainerItemProxy */;
		};
		517862A9283F214200EBC5B8 /* PBXTargetDependency */ = {
			isa = PBXTargetDependency;
			target = 51786286283F214000EBC5B8 /* bl */;
			targetProxy = 517862A8283F214200EBC5B8 /* PBXContainerItemProxy */;
		};
/* End PBXTargetDependency section */

/* Begin PBXVariantGroup section */
		51786290283F214000EBC5B8 /* Main.storyboard */ = {
			isa = PBXVariantGroup;
			children = (
				51786291283F214000EBC5B8 /* Base */,
			);
			name = Main.storyboard;
			sourceTree = "<group>";
		};
		51786295283F214200EBC5B8 /* LaunchScreen.storyboard */ = {
			isa = PBXVariantGroup;
			children = (
				51786296283F214200EBC5B8 /* Base */,
			);
			name = LaunchScreen.storyboard;
			sourceTree = "<group>";
		};
/* End PBXVariantGroup section */

/* Begin XCBuildConfiguration section */
		517862AF283F214200EBC5B8 /* Debug */ = {
			isa = XCBuildConfiguration;
			buildSettings = {
				ALWAYS_SEARCH_USER_PATHS = NO;
				CLANG_ANALYZER_NONNULL = YES;
				CLANG_ANALYZER_NUMBER_OBJECT_CONVERSION = YES_AGGRESSIVE;
				CLANG_CXX_LANGUAGE_STANDARD = "gnu++17";
				CLANG_ENABLE_MODULES = YES;
				CLANG_ENABLE_OBJC_ARC = YES;
				CLANG_ENABLE_OBJC_WEAK = YES;
				CLANG_WARN_BLOCK_CAPTURE_AUTORELEASING = YES;
				CLANG_WARN_BOOL_CONVERSION = YES;
				CLANG_WARN_COMMA = YES;
				CLANG_WARN_CONSTANT_CONVERSION = YES;
				CLANG_WARN_DEPRECATED_OBJC_IMPLEMENTATIONS = YES;
				CLANG_WARN_DIRECT_OBJC_ISA_USAGE = YES_ERROR;
				CLANG_WARN_DOCUMENTATION_COMMENTS = YES;
				CLANG_WARN_EMPTY_BODY = YES;
				CLANG_WARN_ENUM_CONVERSION = YES;
				CLANG_WARN_INFINITE_RECURSION = YES;
				CLANG_WARN_INT_CONVERSION = YES;
				CLANG_WARN_NON_LITERAL_NULL_CONVERSION = YES;
				CLANG_WARN_OBJC_IMPLICIT_RETAIN_SELF = YES;
				CLANG_WARN_OBJC_LITERAL_CONVERSION = YES;
				CLANG_WARN_OBJC_ROOT_CLASS = YES_ERROR;
				CLANG_WARN_QUOTED_INCLUDE_IN_FRAMEWORK_HEADER = YES;
				CLANG_WARN_RANGE_LOOP_ANALYSIS = YES;
				CLANG_WARN_STRICT_PROTOTYPES = YES;
				CLANG_WARN_SUSPICIOUS_MOVE = YES;
				CLANG_WARN_UNGUARDED_AVAILABILITY = YES_AGGRESSIVE;
				CLANG_WARN_UNREACHABLE_CODE = YES;
				CLANG_WARN__DUPLICATE_METHOD_MATCH = YES;
				COPY_PHASE_STRIP = NO;
				DEBUG_INFORMATION_FORMAT = dwarf;
				ENABLE_STRICT_OBJC_MSGSEND = YES;
				ENABLE_TESTABILITY = YES;
				GCC_C_LANGUAGE_STANDARD = gnu11;
				GCC_DYNAMIC_NO_PIC = NO;
				GCC_NO_COMMON_BLOCKS = YES;
				GCC_OPTIMIZATION_LEVEL = 0;
				GCC_PREPROCESSOR_DEFINITIONS = (
					"DEBUG=1",
					"$(inherited)",
				);
				GCC_WARN_64_TO_32_BIT_CONVERSION = YES;
				GCC_WARN_ABOUT_RETURN_TYPE = YES_ERROR;
				GCC_WARN_UNDECLARED_SELECTOR = YES;
				GCC_WARN_UNINITIALIZED_AUTOS = YES_AGGRESSIVE;
				GCC_WARN_UNUSED_FUNCTION = YES;
				GCC_WARN_UNUSED_VARIABLE = YES;
				IPHONEOS_DEPLOYMENT_TARGET = 15.5;
				MTL_ENABLE_DEBUG_INFO = INCLUDE_SOURCE;
				MTL_FAST_MATH = YES;
				ONLY_ACTIVE_ARCH = YES;
				SDKROOT = iphoneos;
				SWIFT_ACTIVE_COMPILATION_CONDITIONS = DEBUG;
				SWIFT_OPTIMIZATION_LEVEL = "-Onone";
			};
			name = Debug;
		};
		517862B0283F214200EBC5B8 /* Release */ = {
			isa = XCBuildConfiguration;
			buildSettings = {
				ALWAYS_SEARCH_USER_PATHS = NO;
				CLANG_ANALYZER_NONNULL = YES;
				CLANG_ANALYZER_NUMBER_OBJECT_CONVERSION = YES_AGGRESSIVE;
				CLANG_CXX_LANGUAGE_STANDARD = "gnu++17";
				CLANG_ENABLE_MODULES = YES;
				CLANG_ENABLE_OBJC_ARC = YES;
				CLANG_ENABLE_OBJC_WEAK = YES;
				CLANG_WARN_BLOCK_CAPTURE_AUTORELEASING = YES;
				CLANG_WARN_BOOL_CONVERSION = YES;
				CLANG_WARN_COMMA = YES;
				CLANG_WARN_CONSTANT_CONVERSION = YES;
				CLANG_WARN_DEPRECATED_OBJC_IMPLEMENTATIONS = YES;
				CLANG_WARN_DIRECT_OBJC_ISA_USAGE = YES_ERROR;
				CLANG_WARN_DOCUMENTATION_COMMENTS = YES;
				CLANG_WARN_EMPTY_BODY = YES;
				CLANG_WARN_ENUM_CONVERSION = YES;
				CLANG_WARN_INFINITE_RECURSION = YES;
				CLANG_WARN_INT_CONVERSION = YES;
				CLANG_WARN_NON_LITERAL_NULL_CONVERSION = YES;
				CLANG_WARN_OBJC_IMPLICIT_RETAIN_SELF = YES;
				CLANG_WARN_OBJC_LITERAL_CONVERSION = YES;
				CLANG_WARN_OBJC_ROOT_CLASS = YES_ERROR;
				CLANG_WARN_QUOTED_INCLUDE_IN_FRAMEWORK_HEADER = YES;
				CLANG_WARN_RANGE_LOOP_ANALYSIS = YES;
				CLANG_WARN_STRICT_PROTOTYPES = YES;
				CLANG_WARN_SUSPICIOUS_MOVE = YES;
				CLANG_WARN_UNGUARDED_AVAILABILITY = YES_AGGRESSIVE;
				CLANG_WARN_UNREACHABLE_CODE = YES;
				CLANG_WARN__DUPLICATE_METHOD_MATCH = YES;
				COPY_PHASE_STRIP = NO;
				DEBUG_INFORMATION_FORMAT = "dwarf-with-dsym";
				ENABLE_NS_ASSERTIONS = NO;
				ENABLE_STRICT_OBJC_MSGSEND = YES;
				GCC_C_LANGUAGE_STANDARD = gnu11;
				GCC_NO_COMMON_BLOCKS = YES;
				GCC_WARN_64_TO_32_BIT_CONVERSION = YES;
				GCC_WARN_ABOUT_RETURN_TYPE = YES_ERROR;
				GCC_WARN_UNDECLARED_SELECTOR = YES;
				GCC_WARN_UNINITIALIZED_AUTOS = YES_AGGRESSIVE;
				GCC_WARN_UNUSED_FUNCTION = YES;
				GCC_WARN_UNUSED_VARIABLE = YES;
				IPHONEOS_DEPLOYMENT_TARGET = 15.5;
				MTL_ENABLE_DEBUG_INFO = NO;
				MTL_FAST_MATH = YES;
				SDKROOT = iphoneos;
				SWIFT_COMPILATION_MODE = wholemodule;
				SWIFT_OPTIMIZATION_LEVEL = "-O";
				VALIDATE_PRODUCT = YES;
			};
			name = Release;
		};
		517862B2283F214200EBC5B8 /* Debug */ = {
			isa = XCBuildConfiguration;
			buildSettings = {
				ASSETCATALOG_COMPILER_APPICON_NAME = AppIcon;
				ASSETCATALOG_COMPILER_GLOBAL_ACCENT_COLOR_NAME = AccentColor;
				CODE_SIGN_STYLE = Automatic;
				CURRENT_PROJECT_VERSION = 1;
				GENERATE_INFOPLIST_FILE = YES;
				INFOPLIST_FILE = bl/Info.plist;
				INFOPLIST_KEY_UIApplicationSupportsIndirectInputEvents = YES;
				INFOPLIST_KEY_UILaunchStoryboardName = LaunchScreen;
				INFOPLIST_KEY_UIMainStoryboardFile = Main;
				INFOPLIST_KEY_UISupportedInterfaceOrientations_iPad = "UIInterfaceOrientationPortrait UIInterfaceOrientationPortraitUpsideDown UIInterfaceOrientationLandscapeLeft UIInterfaceOrientationLandscapeRight";
				INFOPLIST_KEY_UISupportedInterfaceOrientations_iPhone = "UIInterfaceOrientationPortrait UIInterfaceOrientationLandscapeLeft UIInterfaceOrientationLandscapeRight";
				LD_RUNPATH_SEARCH_PATHS = (
					"$(inherited)",
					"@executable_path/Frameworks",
				);
				MARKETING_VERSION = 1.0;
				PRODUCT_BUNDLE_IDENTIFIER = firstapp.bl;
				PRODUCT_NAME = "$(TARGET_NAME)";
				SWIFT_EMIT_LOC_STRINGS = YES;
				SWIFT_VERSION = 5.0;
				TARGETED_DEVICE_FAMILY = "1,2";
			};
			name = Debug;
		};
		517862B3283F214200EBC5B8 /* Release */ = {
			isa = XCBuildConfiguration;
			buildSettings = {
				ASSETCATALOG_COMPILER_APPICON_NAME = AppIcon;
				ASSETCATALOG_COMPILER_GLOBAL_ACCENT_COLOR_NAME = AccentColor;
				CODE_SIGN_STYLE = Automatic;
				CURRENT_PROJECT_VERSION = 1;
				GENERATE_INFOPLIST_FILE = YES;
				INFOPLIST_FILE = bl/Info.plist;
				INFOPLIST_KEY_UIApplicationSupportsIndirectInputEvents = YES;
				INFOPLIST_KEY_UILaunchStoryboardName = LaunchScreen;
				INFOPLIST_KEY_UIMainStoryboardFile = Main;
				INFOPLIST_KEY_UISupportedInterfaceOrientations_iPad = "UIInterfaceOrientationPortrait UIInterfaceOrientationPortraitUpsideDown UIInterfaceOrientationLandscapeLeft UIInterfaceOrientationLandscapeRight";
				INFOPLIST_KEY_UISupportedInterfaceOrientations_iPhone = "UIInterfaceOrientationPortrait UIInterfaceOrientationLandscapeLeft UIInterfaceOrientationLandscapeRight";
				LD_RUNPATH_SEARCH_PATHS = (
					"$(inherited)",
					"@executable_path/Frameworks",
				);
				MARKETING_VERSION = 1.0;
				PRODUCT_BUNDLE_IDENTIFIER = firstapp.bl;
				PRODUCT_NAME = "$(TARGET_NAME)";
				SWIFT_EMIT_LOC_STRINGS = YES;
				SWIFT_VERSION = 5.0;
				TARGETED_DEVICE_FAMILY = "1,2";
			};
			name = Release;
		};
		517862B5283F214200EBC5B8 /* Debug */ = {
			isa = XCBuildConfiguration;
			buildSettings = {
				ALWAYS_EMBED_SWIFT_STANDARD_LIBRARIES = YES;
				BUNDLE_LOADER = "$(TEST_HOST)";
				CODE_SIGN_STYLE = Automatic;
				CURRENT_PROJECT_VERSION = 1;
				GENERATE_INFOPLIST_FILE = YES;
				IPHONEOS_DEPLOYMENT_TARGET = 15.5;
				MARKETING_VERSION = 1.0;
				PRODUCT_BUNDLE_IDENTIFIER = firstapp.blTests;
				PRODUCT_NAME = "$(TARGET_NAME)";
				SWIFT_EMIT_LOC_STRINGS = NO;
				SWIFT_VERSION = 5.0;
				TARGETED_DEVICE_FAMILY = "1,2";
				TEST_HOST = "$(BUILT_PRODUCTS_DIR)/bl.app/bl";
			};
			name = Debug;
		};
		517862B6283F214200EBC5B8 /* Release */ = {
			isa = XCBuildConfiguration;
			buildSettings = {
				ALWAYS_EMBED_SWIFT_STANDARD_LIBRARIES = YES;
				BUNDLE_LOADER = "$(TEST_HOST)";
				CODE_SIGN_STYLE = Automatic;
				CURRENT_PROJECT_VERSION = 1;
				GENERATE_INFOPLIST_FILE = YES;
				IPHONEOS_DEPLOYMENT_TARGET = 15.5;
				MARKETING_VERSION = 1.0;
				PRODUCT_BUNDLE_IDENTIFIER = firstapp.blTests;
				PRODUCT_NAME = "$(TARGET_NAME)";
				SWIFT_EMIT_LOC_STRINGS = NO;
				SWIFT_VERSION = 5.0;
				TARGETED_DEVICE_FAMILY = "1,2";
				TEST_HOST = "$(BUILT_PRODUCTS_DIR)/bl.app/bl";
			};
			name = Release;
		};
		517862B8283F214200EBC5B8 /* Debug */ = {
			isa = XCBuildConfiguration;
			buildSettings = {
				ALWAYS_EMBED_SWIFT_STANDARD_LIBRARIES = YES;
				CODE_SIGN_STYLE = Automatic;
				CURRENT_PROJECT_VERSION = 1;
				GENERATE_INFOPLIST_FILE = YES;
				MARKETING_VERSION = 1.0;
				PRODUCT_BUNDLE_IDENTIFIER = firstapp.blUITests;
				PRODUCT_NAME = "$(TARGET_NAME)";
				SWIFT_EMIT_LOC_STRINGS = NO;
				SWIFT_VERSION = 5.0;
				TARGETED_DEVICE_FAMILY = "1,2";
				TEST_TARGET_NAME = bl;
			};
			name = Debug;
		};
		517862B9283F214200EBC5B8 /* Release */ = {
			isa = XCBuildConfiguration;
			buildSettings = {
				ALWAYS_EMBED_SWIFT_STANDARD_LIBRARIES = YES;
				CODE_SIGN_STYLE = Automatic;
				CURRENT_PROJECT_VERSION = 1;
				GENERATE_INFOPLIST_FILE = YES;
				MARKETING_VERSION = 1.0;
				PRODUCT_BUNDLE_IDENTIFIER = firstapp.blUITests;
				PRODUCT_NAME = "$(TARGET_NAME)";
				SWIFT_EMIT_LOC_STRINGS = NO;
				SWIFT_VERSION = 5.0;
				TARGETED_DEVICE_FAMILY = "1,2";
				TEST_TARGET_NAME = bl;
			};
			name = Release;
		};
/* End XCBuildConfiguration section */

/* Begin XCConfigurationList section */
		51786282283F214000EBC5B8 /* Build configuration list for PBXProject "bl" */ = {
			isa = XCConfigurationList;
			buildConfigurations = (
				517862AF283F214200EBC5B8 /* Debug */,
				517862B0283F214200EBC5B8 /* Release */,
			);
			defaultConfigurationIsVisible = 0;
			defaultConfigurationName = Release;
		};
		517862B1283F214200EBC5B8 /* Build configuration list for PBXNativeTarget "bl" */ = {
			isa = XCConfigurationList;
			buildConfigurations = (
				517862B2283F214200EBC5B8 /* Debug */,
				517862B3283F214200EBC5B8 /* Release */,
			);
			defaultConfigurationIsVisible = 0;
			defaultConfigurationName = Release;
		};
		517862B4283F214200EBC5B8 /* Build configuration list for PBXNativeTarget "blTests" */ = {
			isa = XCConfigurationList;
			buildConfigurations = (
				517862B5283F214200EBC5B8 /* Debug */,
				517862B6283F214200EBC5B8 /* Release */,
			);
			defaultConfigurationIsVisible = 0;
			defaultConfigurationName = Release;
		};
		517862B7283F214200EBC5B8 /* Build configuration list for PBXNativeTarget "blUITests" */ = {
			isa = XCConfigurationList;
			buildConfigurations = (
				517862B8283F214200EBC5B8 /* Debug */,
				517862B9283F214200EBC5B8 /* Release */,
			);
			defaultConfigurationIsVisible = 0;
			defaultConfigurationName = Release;
		};
/* End XCConfigurationList section */
	};
	rootObject = 5178627F283F214000EBC5B8 /* Project object */;
}
