// !$*UTF8*$!
{
	archiveVersion = 1;
	classes = {
	};
	objectVersion = 55;
	objects = {

/* Begin PBXBuildFile section */
		51640C4B284B406B0097F35C /* AppDelegate.swift in Sources */ = {isa = PBXBuildFile; fileRef = 51640C4A284B406B0097F35C /* AppDelegate.swift */; };
		51640C4D284B406B0097F35C /* SceneDelegate.swift in Sources */ = {isa = PBXBuildFile; fileRef = 51640C4C284B406B0097F35C /* SceneDelegate.swift */; };
		51640C4F284B406B0097F35C /* ViewController.swift in Sources */ = {isa = PBXBuildFile; fileRef = 51640C4E284B406B0097F35C /* ViewController.swift */; };
		51640C52284B406B0097F35C /* Main.storyboard in Resources */ = {isa = PBXBuildFile; fileRef = 51640C50284B406B0097F35C /* Main.storyboard */; };
		51640C54284B406D0097F35C /* Assets.xcassets in Resources */ = {isa = PBXBuildFile; fileRef = 51640C53284B406D0097F35C /* Assets.xcassets */; };
		51640C57284B406D0097F35C /* LaunchScreen.storyboard in Resources */ = {isa = PBXBuildFile; fileRef = 51640C55284B406D0097F35C /* LaunchScreen.storyboard */; };
		51640C62284B406D0097F35C /* WebViewPPTests.swift in Sources */ = {isa = PBXBuildFile; fileRef = 51640C61284B406D0097F35C /* WebViewPPTests.swift */; };
		51640C6C284B406D0097F35C /* WebViewPPUITests.swift in Sources */ = {isa = PBXBuildFile; fileRef = 51640C6B284B406D0097F35C /* WebViewPPUITests.swift */; };
		51640C6E284B406D0097F35C /* WebViewPPUITestsLaunchTests.swift in Sources */ = {isa = PBXBuildFile; fileRef = 51640C6D284B406D0097F35C /* WebViewPPUITestsLaunchTests.swift */; };
/* End PBXBuildFile section */

/* Begin PBXContainerItemProxy section */
		51640C5E284B406D0097F35C /* PBXContainerItemProxy */ = {
			isa = PBXContainerItemProxy;
			containerPortal = 51640C3F284B406B0097F35C /* Project object */;
			proxyType = 1;
			remoteGlobalIDString = 51640C46284B406B0097F35C;
			remoteInfo = WebViewPP;
		};
		51640C68284B406D0097F35C /* PBXContainerItemProxy */ = {
			isa = PBXContainerItemProxy;
			containerPortal = 51640C3F284B406B0097F35C /* Project object */;
			proxyType = 1;
			remoteGlobalIDString = 51640C46284B406B0097F35C;
			remoteInfo = WebViewPP;
		};
/* End PBXContainerItemProxy section */

/* Begin PBXFileReference section */
		51640C47284B406B0097F35C /* WebViewPP.app */ = {isa = PBXFileReference; explicitFileType = wrapper.application; includeInIndex = 0; path = WebViewPP.app; sourceTree = BUILT_PRODUCTS_DIR; };
		51640C4A284B406B0097F35C /* AppDelegate.swift */ = {isa = PBXFileReference; lastKnownFileType = sourcecode.swift; path = AppDelegate.swift; sourceTree = "<group>"; };
		51640C4C284B406B0097F35C /* SceneDelegate.swift */ = {isa = PBXFileReference; lastKnownFileType = sourcecode.swift; path = SceneDelegate.swift; sourceTree = "<group>"; };
		51640C4E284B406B0097F35C /* ViewController.swift */ = {isa = PBXFileReference; lastKnownFileType = sourcecode.swift; path = ViewController.swift; sourceTree = "<group>"; };
		51640C51284B406B0097F35C /* Base */ = {isa = PBXFileReference; lastKnownFileType = file.storyboard; name = Base; path = Base.lproj/Main.storyboard; sourceTree = "<group>"; };
		51640C53284B406D0097F35C /* Assets.xcassets */ = {isa = PBXFileReference; lastKnownFileType = folder.assetcatalog; path = Assets.xcassets; sourceTree = "<group>"; };
		51640C56284B406D0097F35C /* Base */ = {isa = PBXFileReference; lastKnownFileType = file.storyboard; name = Base; path = Base.lproj/LaunchScreen.storyboard; sourceTree = "<group>"; };
		51640C58284B406D0097F35C /* Info.plist */ = {isa = PBXFileReference; lastKnownFileType = text.plist.xml; path = Info.plist; sourceTree = "<group>"; };
		51640C5D284B406D0097F35C /* WebViewPPTests.xctest */ = {isa = PBXFileReference; explicitFileType = wrapper.cfbundle; includeInIndex = 0; path = WebViewPPTests.xctest; sourceTree = BUILT_PRODUCTS_DIR; };
		51640C61284B406D0097F35C /* WebViewPPTests.swift */ = {isa = PBXFileReference; lastKnownFileType = sourcecode.swift; path = WebViewPPTests.swift; sourceTree = "<group>"; };
		51640C67284B406D0097F35C /* WebViewPPUITests.xctest */ = {isa = PBXFileReference; explicitFileType = wrapper.cfbundle; includeInIndex = 0; path = WebViewPPUITests.xctest; sourceTree = BUILT_PRODUCTS_DIR; };
		51640C6B284B406D0097F35C /* WebViewPPUITests.swift */ = {isa = PBXFileReference; lastKnownFileType = sourcecode.swift; path = WebViewPPUITests.swift; sourceTree = "<group>"; };
		51640C6D284B406D0097F35C /* WebViewPPUITestsLaunchTests.swift */ = {isa = PBXFileReference; lastKnownFileType = sourcecode.swift; path = WebViewPPUITestsLaunchTests.swift; sourceTree = "<group>"; };
/* End PBXFileReference section */

/* Begin PBXFrameworksBuildPhase section */
		51640C44284B406B0097F35C /* Frameworks */ = {
			isa = PBXFrameworksBuildPhase;
			buildActionMask = 2147483647;
			files = (
			);
			runOnlyForDeploymentPostprocessing = 0;
		};
		51640C5A284B406D0097F35C /* Frameworks */ = {
			isa = PBXFrameworksBuildPhase;
			buildActionMask = 2147483647;
			files = (
			);
			runOnlyForDeploymentPostprocessing = 0;
		};
		51640C64284B406D0097F35C /* Frameworks */ = {
			isa = PBXFrameworksBuildPhase;
			buildActionMask = 2147483647;
			files = (
			);
			runOnlyForDeploymentPostprocessing = 0;
		};
/* End PBXFrameworksBuildPhase section */

/* Begin PBXGroup section */
		51640C3E284B406B0097F35C = {
			isa = PBXGroup;
			children = (
				51640C49284B406B0097F35C /* WebViewPP */,
				51640C60284B406D0097F35C /* WebViewPPTests */,
				51640C6A284B406D0097F35C /* WebViewPPUITests */,
				51640C48284B406B0097F35C /* Products */,
			);
			sourceTree = "<group>";
		};
		51640C48284B406B0097F35C /* Products */ = {
			isa = PBXGroup;
			children = (
				51640C47284B406B0097F35C /* WebViewPP.app */,
				51640C5D284B406D0097F35C /* WebViewPPTests.xctest */,
				51640C67284B406D0097F35C /* WebViewPPUITests.xctest */,
			);
			name = Products;
			sourceTree = "<group>";
		};
		51640C49284B406B0097F35C /* WebViewPP */ = {
			isa = PBXGroup;
			children = (
				51640C4A284B406B0097F35C /* AppDelegate.swift */,
				51640C4C284B406B0097F35C /* SceneDelegate.swift */,
				51640C4E284B406B0097F35C /* ViewController.swift */,
				51640C50284B406B0097F35C /* Main.storyboard */,
				51640C53284B406D0097F35C /* Assets.xcassets */,
				51640C55284B406D0097F35C /* LaunchScreen.storyboard */,
				51640C58284B406D0097F35C /* Info.plist */,
			);
			path = WebViewPP;
			sourceTree = "<group>";
		};
		51640C60284B406D0097F35C /* WebViewPPTests */ = {
			isa = PBXGroup;
			children = (
				51640C61284B406D0097F35C /* WebViewPPTests.swift */,
			);
			path = WebViewPPTests;
			sourceTree = "<group>";
		};
		51640C6A284B406D0097F35C /* WebViewPPUITests */ = {
			isa = PBXGroup;
			children = (
				51640C6B284B406D0097F35C /* WebViewPPUITests.swift */,
				51640C6D284B406D0097F35C /* WebViewPPUITestsLaunchTests.swift */,
			);
			path = WebViewPPUITests;
			sourceTree = "<group>";
		};
/* End PBXGroup section */

/* Begin PBXNativeTarget section */
		51640C46284B406B0097F35C /* WebViewPP */ = {
			isa = PBXNativeTarget;
			buildConfigurationList = 51640C71284B406D0097F35C /* Build configuration list for PBXNativeTarget "WebViewPP" */;
			buildPhases = (
				51640C43284B406B0097F35C /* Sources */,
				51640C44284B406B0097F35C /* Frameworks */,
				51640C45284B406B0097F35C /* Resources */,
			);
			buildRules = (
			);
			dependencies = (
			);
			name = WebViewPP;
			productName = WebViewPP;
			productReference = 51640C47284B406B0097F35C /* WebViewPP.app */;
			productType = "com.apple.product-type.application";
		};
		51640C5C284B406D0097F35C /* WebViewPPTests */ = {
			isa = PBXNativeTarget;
			buildConfigurationList = 51640C74284B406D0097F35C /* Build configuration list for PBXNativeTarget "WebViewPPTests" */;
			buildPhases = (
				51640C59284B406D0097F35C /* Sources */,
				51640C5A284B406D0097F35C /* Frameworks */,
				51640C5B284B406D0097F35C /* Resources */,
			);
			buildRules = (
			);
			dependencies = (
				51640C5F284B406D0097F35C /* PBXTargetDependency */,
			);
			name = WebViewPPTests;
			productName = WebViewPPTests;
			productReference = 51640C5D284B406D0097F35C /* WebViewPPTests.xctest */;
			productType = "com.apple.product-type.bundle.unit-test";
		};
		51640C66284B406D0097F35C /* WebViewPPUITests */ = {
			isa = PBXNativeTarget;
			buildConfigurationList = 51640C77284B406D0097F35C /* Build configuration list for PBXNativeTarget "WebViewPPUITests" */;
			buildPhases = (
				51640C63284B406D0097F35C /* Sources */,
				51640C64284B406D0097F35C /* Frameworks */,
				51640C65284B406D0097F35C /* Resources */,
			);
			buildRules = (
			);
			dependencies = (
				51640C69284B406D0097F35C /* PBXTargetDependency */,
			);
			name = WebViewPPUITests;
			productName = WebViewPPUITests;
			productReference = 51640C67284B406D0097F35C /* WebViewPPUITests.xctest */;
			productType = "com.apple.product-type.bundle.ui-testing";
		};
/* End PBXNativeTarget section */

/* Begin PBXProject section */
		51640C3F284B406B0097F35C /* Project object */ = {
			isa = PBXProject;
			attributes = {
				BuildIndependentTargetsInParallel = 1;
				LastSwiftUpdateCheck = 1340;
				LastUpgradeCheck = 1340;
				TargetAttributes = {
					51640C46284B406B0097F35C = {
						CreatedOnToolsVersion = 13.4;
					};
					51640C5C284B406D0097F35C = {
						CreatedOnToolsVersion = 13.4;
						TestTargetID = 51640C46284B406B0097F35C;
					};
					51640C66284B406D0097F35C = {
						CreatedOnToolsVersion = 13.4;
						TestTargetID = 51640C46284B406B0097F35C;
					};
				};
			};
			buildConfigurationList = 51640C42284B406B0097F35C /* Build configuration list for PBXProject "WebViewPP" */;
			compatibilityVersion = "Xcode 13.0";
			developmentRegion = en;
			hasScannedForEncodings = 0;
			knownRegions = (
				en,
				Base,
			);
			mainGroup = 51640C3E284B406B0097F35C;
			productRefGroup = 51640C48284B406B0097F35C /* Products */;
			projectDirPath = "";
			projectRoot = "";
			targets = (
				51640C46284B406B0097F35C /* WebViewPP */,
				51640C5C284B406D0097F35C /* WebViewPPTests */,
				51640C66284B406D0097F35C /* WebViewPPUITests */,
			);
		};
/* End PBXProject section */

/* Begin PBXResourcesBuildPhase section */
		51640C45284B406B0097F35C /* Resources */ = {
			isa = PBXResourcesBuildPhase;
			buildActionMask = 2147483647;
			files = (
				51640C57284B406D0097F35C /* LaunchScreen.storyboard in Resources */,
				51640C54284B406D0097F35C /* Assets.xcassets in Resources */,
				51640C52284B406B0097F35C /* Main.storyboard in Resources */,
			);
			runOnlyForDeploymentPostprocessing = 0;
		};
		51640C5B284B406D0097F35C /* Resources */ = {
			isa = PBXResourcesBuildPhase;
			buildActionMask = 2147483647;
			files = (
			);
			runOnlyForDeploymentPostprocessing = 0;
		};
		51640C65284B406D0097F35C /* Resources */ = {
			isa = PBXResourcesBuildPhase;
			buildActionMask = 2147483647;
			files = (
			);
			runOnlyForDeploymentPostprocessing = 0;
		};
/* End PBXResourcesBuildPhase section */

/* Begin PBXSourcesBuildPhase section */
		51640C43284B406B0097F35C /* Sources */ = {
			isa = PBXSourcesBuildPhase;
			buildActionMask = 2147483647;
			files = (
				51640C4F284B406B0097F35C /* ViewController.swift in Sources */,
				51640C4B284B406B0097F35C /* AppDelegate.swift in Sources */,
				51640C4D284B406B0097F35C /* SceneDelegate.swift in Sources */,
			);
			runOnlyForDeploymentPostprocessing = 0;
		};
		51640C59284B406D0097F35C /* Sources */ = {
			isa = PBXSourcesBuildPhase;
			buildActionMask = 2147483647;
			files = (
				51640C62284B406D0097F35C /* WebViewPPTests.swift in Sources */,
			);
			runOnlyForDeploymentPostprocessing = 0;
		};
		51640C63284B406D0097F35C /* Sources */ = {
			isa = PBXSourcesBuildPhase;
			buildActionMask = 2147483647;
			files = (
				51640C6E284B406D0097F35C /* WebViewPPUITestsLaunchTests.swift in Sources */,
				51640C6C284B406D0097F35C /* WebViewPPUITests.swift in Sources */,
			);
			runOnlyForDeploymentPostprocessing = 0;
		};
/* End PBXSourcesBuildPhase section */

/* Begin PBXTargetDependency section */
		51640C5F284B406D0097F35C /* PBXTargetDependency */ = {
			isa = PBXTargetDependency;
			target = 51640C46284B406B0097F35C /* WebViewPP */;
			targetProxy = 51640C5E284B406D0097F35C /* PBXContainerItemProxy */;
		};
		51640C69284B406D0097F35C /* PBXTargetDependency */ = {
			isa = PBXTargetDependency;
			target = 51640C46284B406B0097F35C /* WebViewPP */;
			targetProxy = 51640C68284B406D0097F35C /* PBXContainerItemProxy */;
		};
/* End PBXTargetDependency section */

/* Begin PBXVariantGroup section */
		51640C50284B406B0097F35C /* Main.storyboard */ = {
			isa = PBXVariantGroup;
			children = (
				51640C51284B406B0097F35C /* Base */,
			);
			name = Main.storyboard;
			sourceTree = "<group>";
		};
		51640C55284B406D0097F35C /* LaunchScreen.storyboard */ = {
			isa = PBXVariantGroup;
			children = (
				51640C56284B406D0097F35C /* Base */,
			);
			name = LaunchScreen.storyboard;
			sourceTree = "<group>";
		};
/* End PBXVariantGroup section */

/* Begin XCBuildConfiguration section */
		51640C6F284B406D0097F35C /* Debug */ = {
			isa = XCBuildConfiguration;
			buildSettings = {
				ALWAYS_SEARCH_USER_PATHS = NO;
				CLANG_ANALYZER_NONNULL = YES;
				CLANG_ANALYZER_NUMBER_OBJECT_CONVERSION = YES_AGGRESSIVE;
				CLANG_CXX_LANGUAGE_STANDARD = "gnu++17";
				CLANG_ENABLE_MODULES = YES;
				CLANG_ENABLE_OBJC_ARC = YES;
				CLANG_ENABLE_OBJC_WEAK = YES;
				CLANG_WARN_BLOCK_CAPTURE_AUTORELEASING = YES;
				CLANG_WARN_BOOL_CONVERSION = YES;
				CLANG_WARN_COMMA = YES;
				CLANG_WARN_CONSTANT_CONVERSION = YES;
				CLANG_WARN_DEPRECATED_OBJC_IMPLEMENTATIONS = YES;
				CLANG_WARN_DIRECT_OBJC_ISA_USAGE = YES_ERROR;
				CLANG_WARN_DOCUMENTATION_COMMENTS = YES;
				CLANG_WARN_EMPTY_BODY = YES;
				CLANG_WARN_ENUM_CONVERSION = YES;
				CLANG_WARN_INFINITE_RECURSION = YES;
				CLANG_WARN_INT_CONVERSION = YES;
				CLANG_WARN_NON_LITERAL_NULL_CONVERSION = YES;
				CLANG_WARN_OBJC_IMPLICIT_RETAIN_SELF = YES;
				CLANG_WARN_OBJC_LITERAL_CONVERSION = YES;
				CLANG_WARN_OBJC_ROOT_CLASS = YES_ERROR;
				CLANG_WARN_QUOTED_INCLUDE_IN_FRAMEWORK_HEADER = YES;
				CLANG_WARN_RANGE_LOOP_ANALYSIS = YES;
				CLANG_WARN_STRICT_PROTOTYPES = YES;
				CLANG_WARN_SUSPICIOUS_MOVE = YES;
				CLANG_WARN_UNGUARDED_AVAILABILITY = YES_AGGRESSIVE;
				CLANG_WARN_UNREACHABLE_CODE = YES;
				CLANG_WARN__DUPLICATE_METHOD_MATCH = YES;
				COPY_PHASE_STRIP = NO;
				DEBUG_INFORMATION_FORMAT = dwarf;
				ENABLE_STRICT_OBJC_MSGSEND = YES;
				ENABLE_TESTABILITY = YES;
				GCC_C_LANGUAGE_STANDARD = gnu11;
				GCC_DYNAMIC_NO_PIC = NO;
				GCC_NO_COMMON_BLOCKS = YES;
				GCC_OPTIMIZATION_LEVEL = 0;
				GCC_PREPROCESSOR_DEFINITIONS = (
					"DEBUG=1",
					"$(inherited)",
				);
				GCC_WARN_64_TO_32_BIT_CONVERSION = YES;
				GCC_WARN_ABOUT_RETURN_TYPE = YES_ERROR;
				GCC_WARN_UNDECLARED_SELECTOR = YES;
				GCC_WARN_UNINITIALIZED_AUTOS = YES_AGGRESSIVE;
				GCC_WARN_UNUSED_FUNCTION = YES;
				GCC_WARN_UNUSED_VARIABLE = YES;
				IPHONEOS_DEPLOYMENT_TARGET = 15.5;
				MTL_ENABLE_DEBUG_INFO = INCLUDE_SOURCE;
				MTL_FAST_MATH = YES;
				ONLY_ACTIVE_ARCH = YES;
				SDKROOT = iphoneos;
				SWIFT_ACTIVE_COMPILATION_CONDITIONS = DEBUG;
				SWIFT_OPTIMIZATION_LEVEL = "-Onone";
			};
			name = Debug;
		};
		51640C70284B406D0097F35C /* Release */ = {
			isa = XCBuildConfiguration;
			buildSettings = {
				ALWAYS_SEARCH_USER_PATHS = NO;
				CLANG_ANALYZER_NONNULL = YES;
				CLANG_ANALYZER_NUMBER_OBJECT_CONVERSION = YES_AGGRESSIVE;
				CLANG_CXX_LANGUAGE_STANDARD = "gnu++17";
				CLANG_ENABLE_MODULES = YES;
				CLANG_ENABLE_OBJC_ARC = YES;
				CLANG_ENABLE_OBJC_WEAK = YES;
				CLANG_WARN_BLOCK_CAPTURE_AUTORELEASING = YES;
				CLANG_WARN_BOOL_CONVERSION = YES;
				CLANG_WARN_COMMA = YES;
				CLANG_WARN_CONSTANT_CONVERSION = YES;
				CLANG_WARN_DEPRECATED_OBJC_IMPLEMENTATIONS = YES;
				CLANG_WARN_DIRECT_OBJC_ISA_USAGE = YES_ERROR;
				CLANG_WARN_DOCUMENTATION_COMMENTS = YES;
				CLANG_WARN_EMPTY_BODY = YES;
				CLANG_WARN_ENUM_CONVERSION = YES;
				CLANG_WARN_INFINITE_RECURSION = YES;
				CLANG_WARN_INT_CONVERSION = YES;
				CLANG_WARN_NON_LITERAL_NULL_CONVERSION = YES;
				CLANG_WARN_OBJC_IMPLICIT_RETAIN_SELF = YES;
				CLANG_WARN_OBJC_LITERAL_CONVERSION = YES;
				CLANG_WARN_OBJC_ROOT_CLASS = YES_ERROR;
				CLANG_WARN_QUOTED_INCLUDE_IN_FRAMEWORK_HEADER = YES;
				CLANG_WARN_RANGE_LOOP_ANALYSIS = YES;
				CLANG_WARN_STRICT_PROTOTYPES = YES;
				CLANG_WARN_SUSPICIOUS_MOVE = YES;
				CLANG_WARN_UNGUARDED_AVAILABILITY = YES_AGGRESSIVE;
				CLANG_WARN_UNREACHABLE_CODE = YES;
				CLANG_WARN__DUPLICATE_METHOD_MATCH = YES;
				COPY_PHASE_STRIP = NO;
				DEBUG_INFORMATION_FORMAT = "dwarf-with-dsym";
				ENABLE_NS_ASSERTIONS = NO;
				ENABLE_STRICT_OBJC_MSGSEND = YES;
				GCC_C_LANGUAGE_STANDARD = gnu11;
				GCC_NO_COMMON_BLOCKS = YES;
				GCC_WARN_64_TO_32_BIT_CONVERSION = YES;
				GCC_WARN_ABOUT_RETURN_TYPE = YES_ERROR;
				GCC_WARN_UNDECLARED_SELECTOR = YES;
				GCC_WARN_UNINITIALIZED_AUTOS = YES_AGGRESSIVE;
				GCC_WARN_UNUSED_FUNCTION = YES;
				GCC_WARN_UNUSED_VARIABLE = YES;
				IPHONEOS_DEPLOYMENT_TARGET = 15.5;
				MTL_ENABLE_DEBUG_INFO = NO;
				MTL_FAST_MATH = YES;
				SDKROOT = iphoneos;
				SWIFT_COMPILATION_MODE = wholemodule;
				SWIFT_OPTIMIZATION_LEVEL = "-O";
				VALIDATE_PRODUCT = YES;
			};
			name = Release;
		};
		51640C72284B406D0097F35C /* Debug */ = {
			isa = XCBuildConfiguration;
			buildSettings = {
				ASSETCATALOG_COMPILER_APPICON_NAME = AppIcon;
				ASSETCATALOG_COMPILER_GLOBAL_ACCENT_COLOR_NAME = AccentColor;
				CODE_SIGN_STYLE = Automatic;
				CURRENT_PROJECT_VERSION = 1;
				GENERATE_INFOPLIST_FILE = YES;
				INFOPLIST_FILE = WebViewPP/Info.plist;
				INFOPLIST_KEY_UIApplicationSupportsIndirectInputEvents = YES;
				INFOPLIST_KEY_UILaunchStoryboardName = LaunchScreen;
				INFOPLIST_KEY_UIMainStoryboardFile = Main;
				INFOPLIST_KEY_UISupportedInterfaceOrientations_iPad = "UIInterfaceOrientationPortrait UIInterfaceOrientationPortraitUpsideDown UIInterfaceOrientationLandscapeLeft UIInterfaceOrientationLandscapeRight";
				INFOPLIST_KEY_UISupportedInterfaceOrientations_iPhone = "UIInterfaceOrientationPortrait UIInterfaceOrientationLandscapeLeft UIInterfaceOrientationLandscapeRight";
				LD_RUNPATH_SEARCH_PATHS = (
					"$(inherited)",
					"@executable_path/Frameworks",
				);
				MARKETING_VERSION = 1.0;
				PRODUCT_BUNDLE_IDENTIFIER = firstapp.WebViewPP;
				PRODUCT_NAME = "$(TARGET_NAME)";
				SWIFT_EMIT_LOC_STRINGS = YES;
				SWIFT_VERSION = 5.0;
				TARGETED_DEVICE_FAMILY = "1,2";
			};
			name = Debug;
		};
		51640C73284B406D0097F35C /* Release */ = {
			isa = XCBuildConfiguration;
			buildSettings = {
				ASSETCATALOG_COMPILER_APPICON_NAME = AppIcon;
				ASSETCATALOG_COMPILER_GLOBAL_ACCENT_COLOR_NAME = AccentColor;
				CODE_SIGN_STYLE = Automatic;
				CURRENT_PROJECT_VERSION = 1;
				GENERATE_INFOPLIST_FILE = YES;
				INFOPLIST_FILE = WebViewPP/Info.plist;
				INFOPLIST_KEY_UIApplicationSupportsIndirectInputEvents = YES;
				INFOPLIST_KEY_UILaunchStoryboardName = LaunchScreen;
				INFOPLIST_KEY_UIMainStoryboardFile = Main;
				INFOPLIST_KEY_UISupportedInterfaceOrientations_iPad = "UIInterfaceOrientationPortrait UIInterfaceOrientationPortraitUpsideDown UIInterfaceOrientationLandscapeLeft UIInterfaceOrientationLandscapeRight";
				INFOPLIST_KEY_UISupportedInterfaceOrientations_iPhone = "UIInterfaceOrientationPortrait UIInterfaceOrientationLandscapeLeft UIInterfaceOrientationLandscapeRight";
				LD_RUNPATH_SEARCH_PATHS = (
					"$(inherited)",
					"@executable_path/Frameworks",
				);
				MARKETING_VERSION = 1.0;
				PRODUCT_BUNDLE_IDENTIFIER = firstapp.WebViewPP;
				PRODUCT_NAME = "$(TARGET_NAME)";
				SWIFT_EMIT_LOC_STRINGS = YES;
				SWIFT_VERSION = 5.0;
				TARGETED_DEVICE_FAMILY = "1,2";
			};
			name = Release;
		};
		51640C75284B406D0097F35C /* Debug */ = {
			isa = XCBuildConfiguration;
			buildSettings = {
				ALWAYS_EMBED_SWIFT_STANDARD_LIBRARIES = YES;
				BUNDLE_LOADER = "$(TEST_HOST)";
				CODE_SIGN_STYLE = Automatic;
				CURRENT_PROJECT_VERSION = 1;
				GENERATE_INFOPLIST_FILE = YES;
				IPHONEOS_DEPLOYMENT_TARGET = 15.5;
				MARKETING_VERSION = 1.0;
				PRODUCT_BUNDLE_IDENTIFIER = firstapp.WebViewPPTests;
				PRODUCT_NAME = "$(TARGET_NAME)";
				SWIFT_EMIT_LOC_STRINGS = NO;
				SWIFT_VERSION = 5.0;
				TARGETED_DEVICE_FAMILY = "1,2";
				TEST_HOST = "$(BUILT_PRODUCTS_DIR)/WebViewPP.app/WebViewPP";
			};
			name = Debug;
		};
		51640C76284B406D0097F35C /* Release */ = {
			isa = XCBuildConfiguration;
			buildSettings = {
				ALWAYS_EMBED_SWIFT_STANDARD_LIBRARIES = YES;
				BUNDLE_LOADER = "$(TEST_HOST)";
				CODE_SIGN_STYLE = Automatic;
				CURRENT_PROJECT_VERSION = 1;
				GENERATE_INFOPLIST_FILE = YES;
				IPHONEOS_DEPLOYMENT_TARGET = 15.5;
				MARKETING_VERSION = 1.0;
				PRODUCT_BUNDLE_IDENTIFIER = firstapp.WebViewPPTests;
				PRODUCT_NAME = "$(TARGET_NAME)";
				SWIFT_EMIT_LOC_STRINGS = NO;
				SWIFT_VERSION = 5.0;
				TARGETED_DEVICE_FAMILY = "1,2";
				TEST_HOST = "$(BUILT_PRODUCTS_DIR)/WebViewPP.app/WebViewPP";
			};
			name = Release;
		};
		51640C78284B406D0097F35C /* Debug */ = {
			isa = XCBuildConfiguration;
			buildSettings = {
				ALWAYS_EMBED_SWIFT_STANDARD_LIBRARIES = YES;
				CODE_SIGN_STYLE = Automatic;
				CURRENT_PROJECT_VERSION = 1;
				GENERATE_INFOPLIST_FILE = YES;
				MARKETING_VERSION = 1.0;
				PRODUCT_BUNDLE_IDENTIFIER = firstapp.WebViewPPUITests;
				PRODUCT_NAME = "$(TARGET_NAME)";
				SWIFT_EMIT_LOC_STRINGS = NO;
				SWIFT_VERSION = 5.0;
				TARGETED_DEVICE_FAMILY = "1,2";
				TEST_TARGET_NAME = WebViewPP;
			};
			name = Debug;
		};
		51640C79284B406D0097F35C /* Release */ = {
			isa = XCBuildConfiguration;
			buildSettings = {
				ALWAYS_EMBED_SWIFT_STANDARD_LIBRARIES = YES;
				CODE_SIGN_STYLE = Automatic;
				CURRENT_PROJECT_VERSION = 1;
				GENERATE_INFOPLIST_FILE = YES;
				MARKETING_VERSION = 1.0;
				PRODUCT_BUNDLE_IDENTIFIER = firstapp.WebViewPPUITests;
				PRODUCT_NAME = "$(TARGET_NAME)";
				SWIFT_EMIT_LOC_STRINGS = NO;
				SWIFT_VERSION = 5.0;
				TARGETED_DEVICE_FAMILY = "1,2";
				TEST_TARGET_NAME = WebViewPP;
			};
			name = Release;
		};
/* End XCBuildConfiguration section */

/* Begin XCConfigurationList section */
		51640C42284B406B0097F35C /* Build configuration list for PBXProject "WebViewPP" */ = {
			isa = XCConfigurationList;
			buildConfigurations = (
				51640C6F284B406D0097F35C /* Debug */,
				51640C70284B406D0097F35C /* Release */,
			);
			defaultConfigurationIsVisible = 0;
			defaultConfigurationName = Release;
		};
		51640C71284B406D0097F35C /* Build configuration list for PBXNativeTarget "WebViewPP" */ = {
			isa = XCConfigurationList;
			buildConfigurations = (
				51640C72284B406D0097F35C /* Debug */,
				51640C73284B406D0097F35C /* Release */,
			);
			defaultConfigurationIsVisible = 0;
			defaultConfigurationName = Release;
		};
		51640C74284B406D0097F35C /* Build configuration list for PBXNativeTarget "WebViewPPTests" */ = {
			isa = XCConfigurationList;
			buildConfigurations = (
				51640C75284B406D0097F35C /* Debug */,
				51640C76284B406D0097F35C /* Release */,
			);
			defaultConfigurationIsVisible = 0;
			defaultConfigurationName = Release;
		};
		51640C77284B406D0097F35C /* Build configuration list for PBXNativeTarget "WebViewPPUITests" */ = {
			isa = XCConfigurationList;
			buildConfigurations = (
				51640C78284B406D0097F35C /* Debug */,
				51640C79284B406D0097F35C /* Release */,
			);
			defaultConfigurationIsVisible = 0;
			defaultConfigurationName = Release;
		};
/* End XCConfigurationList section */
	};
	rootObject = 51640C3F284B406B0097F35C /* Project object */;
}
